
Microsoft Visual Studio Solution File, Format Version 12.00
# Visual Studio 15
VisualStudioVersion = 15.0.28307.102
MinimumVisualStudioVersion = 10.0.40219.1
Project("{FAE04EC0-301F-11D3-BF4B-00C04F79EFBC}") = "Points", "Points\Points.csproj", "{2389774A-12C9-4D7C-BD5B-67A1C8C3DACA}"
EndProject
Global
	GlobalSection(SolutionConfigurationPlatforms) = preSolution
		Debug|Any CPU = Debug|Any CPU
		Release|Any CPU = Release|Any CPU
	EndGlobalSection
	GlobalSection(ProjectConfigurationPlatforms) = postSolution
		{2389774A-12C9-4D7C-BD5B-67A1C8C3DACA}.Debug|Any CPU.ActiveCfg = Debug|Any CPU
		{2389774A-12C9-4D7C-BD5B-67A1C8C3DACA}.Debug|Any CPU.Build.0 = Debug|Any CPU
		{2389774A-12C9-4D7C-BD5B-67A1C8C3DACA}.Release|Any CPU.ActiveCfg = Release|Any CPU
		{2389774A-12C9-4D7C-BD5B-67A1C8C3DACA}.Release|Any CPU.Build.0 = Release|Any CPU
	EndGlobalSection
	GlobalSection(SolutionProperties) = preSolution
		HideSolutionNode = FALSE
	EndGlobalSection
	GlobalSection(ExtensibilityGlobals) = postSolution
		SolutionGuid = {9B49F3B1-03D6-416F-8CCA-B6831548DF32}
	EndGlobalSection
EndGlobal
