
Microsoft Visual Studio Solution File, Format Version 12.00
# Visual Studio 15
VisualStudioVersion = 15.0.28307.102
MinimumVisualStudioVersion = 10.0.40219.1
Project("{FAE04EC0-301F-11D3-BF4B-00C04F79EFBC}") = "MouseSpeedSwitcher", "MouseSpeedSwitcher\MouseSpeedSwitcher.csproj", "{DD5D5897-4250-41E5-889A-424D8BF4DE59}"
EndProject
Global
	GlobalSection(SolutionConfigurationPlatforms) = preSolution
		Debug|Any CPU = Debug|Any CPU
		Release|Any CPU = Release|Any CPU
	EndGlobalSection
	GlobalSection(ProjectConfigurationPlatforms) = postSolution
		{DD5D5897-4250-41E5-889A-424D8BF4DE59}.Debug|Any CPU.ActiveCfg = Debug|Any CPU
		{DD5D5897-4250-41E5-889A-424D8BF4DE59}.Debug|Any CPU.Build.0 = Debug|Any CPU
		{DD5D5897-4250-41E5-889A-424D8BF4DE59}.Release|Any CPU.ActiveCfg = Release|Any CPU
		{DD5D5897-4250-41E5-889A-424D8BF4DE59}.Release|Any CPU.Build.0 = Release|Any CPU
	EndGlobalSection
	GlobalSection(SolutionProperties) = preSolution
		HideSolutionNode = FALSE
	EndGlobalSection
	GlobalSection(ExtensibilityGlobals) = postSolution
		SolutionGuid = {FA0949AA-F084-4520-9011-D45325EE516E}
	EndGlobalSection
EndGlobal
