
Microsoft Visual Studio Solution File, Format Version 12.00
# Visual Studio 15
VisualStudioVersion = 15.0.28307.102
MinimumVisualStudioVersion = 10.0.40219.1
Project("{FAE04EC0-301F-11D3-BF4B-00C04F79EFBC}") = "NetScanner", "NetScanner\NetScanner.csproj", "{70BCF29D-70FF-48C7-A927-AFBD98623880}"
EndProject
Global
	GlobalSection(SolutionConfigurationPlatforms) = preSolution
		Debug|Any CPU = Debug|Any CPU
		Release|Any CPU = Release|Any CPU
	EndGlobalSection
	GlobalSection(ProjectConfigurationPlatforms) = postSolution
		{70BCF29D-70FF-48C7-A927-AFBD98623880}.Debug|Any CPU.ActiveCfg = Debug|Any CPU
		{70BCF29D-70FF-48C7-A927-AFBD98623880}.Debug|Any CPU.Build.0 = Debug|Any CPU
		{70BCF29D-70FF-48C7-A927-AFBD98623880}.Release|Any CPU.ActiveCfg = Release|Any CPU
		{70BCF29D-70FF-48C7-A927-AFBD98623880}.Release|Any CPU.Build.0 = Release|Any CPU
	EndGlobalSection
	GlobalSection(SolutionProperties) = preSolution
		HideSolutionNode = FALSE
	EndGlobalSection
	GlobalSection(ExtensibilityGlobals) = postSolution
		SolutionGuid = {7981652C-4D1F-433E-8B3C-46EBD2A134DA}
	EndGlobalSection
EndGlobal
