
Microsoft Visual Studio Solution File, Format Version 12.00
# Visual Studio 15
VisualStudioVersion = 15.0.28307.102
MinimumVisualStudioVersion = 10.0.40219.1
Project("{FAE04EC0-301F-11D3-BF4B-00C04F79EFBC}") = "WebBrowserGood", "WebBrowserGood\WebBrowserGood.csproj", "{7FF0B2E1-4B26-4CBA-942C-84B33394E12E}"
EndProject
Global
	GlobalSection(SolutionConfigurationPlatforms) = preSolution
		Debug|Any CPU = Debug|Any CPU
		Release|Any CPU = Release|Any CPU
	EndGlobalSection
	GlobalSection(ProjectConfigurationPlatforms) = postSolution
		{7FF0B2E1-4B26-4CBA-942C-84B33394E12E}.Debug|Any CPU.ActiveCfg = Debug|Any CPU
		{7FF0B2E1-4B26-4CBA-942C-84B33394E12E}.Debug|Any CPU.Build.0 = Debug|Any CPU
		{7FF0B2E1-4B26-4CBA-942C-84B33394E12E}.Release|Any CPU.ActiveCfg = Release|Any CPU
		{7FF0B2E1-4B26-4CBA-942C-84B33394E12E}.Release|Any CPU.Build.0 = Release|Any CPU
	EndGlobalSection
	GlobalSection(SolutionProperties) = preSolution
		HideSolutionNode = FALSE
	EndGlobalSection
	GlobalSection(ExtensibilityGlobals) = postSolution
		SolutionGuid = {0741EA1E-BC81-4EBF-9871-6894635A5F6E}
	EndGlobalSection
EndGlobal
